// !$*UTF8*$!
{
	archiveVersion = 1;
	classes = {
	};
	objectVersion = 46;
	objects = {

/* Begin PBXBuildFile section */
		E80EA2771806959A00945392 /* Foundation.framework in Frameworks */ = {isa = PBXBuildFile; fileRef = E80EA2761806959A00945392 /* Foundation.framework */; };
		E80EA2791806959A00945392 /* CoreGraphics.framework in Frameworks */ = {isa = PBXBuildFile; fileRef = E80EA2781806959A00945392 /* CoreGraphics.framework */; };
		E80EA27B1806959A00945392 /* UIKit.framework in Frameworks */ = {isa = PBXBuildFile; fileRef = E80EA27A1806959A00945392 /* UIKit.framework */; };
		E80EA2811806959A00945392 /* InfoPlist.strings in Resources */ = {isa = PBXBuildFile; fileRef = E80EA27F1806959A00945392 /* InfoPlist.strings */; };
		E80EA2831806959A00945392 /* main.m in Sources */ = {isa = PBXBuildFile; fileRef = E80EA2821806959A00945392 /* main.m */; };
		E80EA2871806959A00945392 /* AppDelegate.m in Sources */ = {isa = PBXBuildFile; fileRef = E80EA2861806959A00945392 /* AppDelegate.m */; };
		E80EA2891806959A00945392 /* Images.xcassets in Resources */ = {isa = PBXBuildFile; fileRef = E80EA2881806959A00945392 /* Images.xcassets */; };
		E80EA2901806959B00945392 /* XCTest.framework in Frameworks */ = {isa = PBXBuildFile; fileRef = E80EA28F1806959B00945392 /* XCTest.framework */; };
		E80EA2911806959B00945392 /* Foundation.framework in Frameworks */ = {isa = PBXBuildFile; fileRef = E80EA2761806959A00945392 /* Foundation.framework */; };
		E80EA2921806959B00945392 /* UIKit.framework in Frameworks */ = {isa = PBXBuildFile; fileRef = E80EA27A1806959A00945392 /* UIKit.framework */; };
		E80EA29A1806959B00945392 /* InfoPlist.strings in Resources */ = {isa = PBXBuildFile; fileRef = E80EA2981806959B00945392 /* InfoPlist.strings */; };
		E80EA29C1806959B00945392 /* NumberSorter2Tests.m in Sources */ = {isa = PBXBuildFile; fileRef = E80EA29B1806959B00945392 /* NumberSorter2Tests.m */; };
/* End PBXBuildFile section */

/* Begin PBXContainerItemProxy section */
		E80EA2931806959B00945392 /* PBXContainerItemProxy */ = {
			isa = PBXContainerItemProxy;
			containerPortal = E80EA26B1806959A00945392 /* Project object */;
			proxyType = 1;
			remoteGlobalIDString = E80EA2721806959A00945392;
			remoteInfo = NumberSorter2;
		};
/* End PBXContainerItemProxy section */

/* Begin PBXFileReference section */
		E80EA2731806959A00945392 /* NumberSorter2.app */ = {isa = PBXFileReference; explicitFileType = wrapper.application; includeInIndex = 0; path = NumberSorter2.app; sourceTree = BUILT_PRODUCTS_DIR; };
		E80EA2761806959A00945392 /* Foundation.framework */ = {isa = PBXFileReference; lastKnownFileType = wrapper.framework; name = Foundation.framework; path = System/Library/Frameworks/Foundation.framework; sourceTree = SDKROOT; };
		E80EA2781806959A00945392 /* CoreGraphics.framework */ = {isa = PBXFileReference; lastKnownFileType = wrapper.framework; name = CoreGraphics.framework; path = System/Library/Frameworks/CoreGraphics.framework; sourceTree = SDKROOT; };
		E80EA27A1806959A00945392 /* UIKit.framework */ = {isa = PBXFileReference; lastKnownFileType = wrapper.framework; name = UIKit.framework; path = System/Library/Frameworks/UIKit.framework; sourceTree = SDKROOT; };
		E80EA27E1806959A00945392 /* NumberSorter2-Info.plist */ = {isa = PBXFileReference; lastKnownFileType = text.plist.xml; path = "NumberSorter2-Info.plist"; sourceTree = "<group>"; };
		E80EA2801806959A00945392 /* en */ = {isa = PBXFileReference; lastKnownFileType = text.plist.strings; name = en; path = en.lproj/InfoPlist.strings; sourceTree = "<group>"; };
		E80EA2821806959A00945392 /* main.m */ = {isa = PBXFileReference; lastKnownFileType = sourcecode.c.objc; path = main.m; sourceTree = "<group>"; };
		E80EA2841806959A00945392 /* NumberSorter2-Prefix.pch */ = {isa = PBXFileReference; lastKnownFileType = sourcecode.c.h; path = "NumberSorter2-Prefix.pch"; sourceTree = "<group>"; };
		E80EA2851806959A00945392 /* AppDelegate.h */ = {isa = PBXFileReference; lastKnownFileType = sourcecode.c.h; path = AppDelegate.h; sourceTree = "<group>"; };
		E80EA2861806959A00945392 /* AppDelegate.m */ = {isa = PBXFileReference; lastKnownFileType = sourcecode.c.objc; path = AppDelegate.m; sourceTree = "<group>"; };
		E80EA2881806959A00945392 /* Images.xcassets */ = {isa = PBXFileReference; lastKnownFileType = folder.assetcatalog; path = Images.xcassets; sourceTree = "<group>"; };
		E80EA28E1806959B00945392 /* NumberSorter2Tests.xctest */ = {isa = PBXFileReference; explicitFileType = wrapper.cfbundle; includeInIndex = 0; path = NumberSorter2Tests.xctest; sourceTree = BUILT_PRODUCTS_DIR; };
		E80EA28F1806959B00945392 /* XCTest.framework */ = {isa = PBXFileReference; lastKnownFileType = wrapper.framework; name = XCTest.framework; path = Library/Frameworks/XCTest.framework; sourceTree = DEVELOPER_DIR; };
		E80EA2971806959B00945392 /* NumberSorter2Tests-Info.plist */ = {isa = PBXFileReference; lastKnownFileType = text.plist.xml; path = "NumberSorter2Tests-Info.plist"; sourceTree = "<group>"; };
		E80EA2991806959B00945392 /* en */ = {isa = PBXFileReference; lastKnownFileType = text.plist.strings; name = en; path = en.lproj/InfoPlist.strings; sourceTree = "<group>"; };
		E80EA29B1806959B00945392 /* NumberSorter2Tests.m */ = {isa = PBXFileReference; lastKnownFileType = sourcecode.c.objc; path = NumberSorter2Tests.m; sourceTree = "<group>"; };
/* End PBXFileReference section */

/* Begin PBXFrameworksBuildPhase section */
		E80EA2701806959A00945392 /* Frameworks */ = {
			isa = PBXFrameworksBuildPhase;
			buildActionMask = 2147483647;
			files = (
				E80EA2791806959A00945392 /* CoreGraphics.framework in Frameworks */,
				E80EA27B1806959A00945392 /* UIKit.framework in Frameworks */,
				E80EA2771806959A00945392 /* Foundation.framework in Frameworks */,
			);
			runOnlyForDeploymentPostprocessing = 0;
		};
		E80EA28B1806959A00945392 /* Frameworks */ = {
			isa = PBXFrameworksBuildPhase;
			buildActionMask = 2147483647;
			files = (
				E80EA2901806959B00945392 /* XCTest.framework in Frameworks */,
				E80EA2921806959B00945392 /* UIKit.framework in Frameworks */,
				E80EA2911806959B00945392 /* Foundation.framework in Frameworks */,
			);
			runOnlyForDeploymentPostprocessing = 0;
		};
/* End PBXFrameworksBuildPhase section */

/* Begin PBXGroup section */
		E80EA26A1806959A00945392 = {
			isa = PBXGroup;
			children = (
				E80EA27C1806959A00945392 /* NumberSorter2 */,
				E80EA2951806959B00945392 /* NumberSorter2Tests */,
				E80EA2751806959A00945392 /* Frameworks */,
				E80EA2741806959A00945392 /* Products */,
			);
			sourceTree = "<group>";
		};
		E80EA2741806959A00945392 /* Products */ = {
			isa = PBXGroup;
			children = (
				E80EA2731806959A00945392 /* NumberSorter2.app */,
				E80EA28E1806959B00945392 /* NumberSorter2Tests.xctest */,
			);
			name = Products;
			sourceTree = "<group>";
		};
		E80EA2751806959A00945392 /* Frameworks */ = {
			isa = PBXGroup;
			children = (
				E80EA2761806959A00945392 /* Foundation.framework */,
				E80EA2781806959A00945392 /* CoreGraphics.framework */,
				E80EA27A1806959A00945392 /* UIKit.framework */,
				E80EA28F1806959B00945392 /* XCTest.framework */,
			);
			name = Frameworks;
			sourceTree = "<group>";
		};
		E80EA27C1806959A00945392 /* NumberSorter2 */ = {
			isa = PBXGroup;
			children = (
				E80EA2851806959A00945392 /* AppDelegate.h */,
				E80EA2861806959A00945392 /* AppDelegate.m */,
				E80EA2881806959A00945392 /* Images.xcassets */,
				E80EA27D1806959A00945392 /* Supporting Files */,
			);
			path = NumberSorter2;
			sourceTree = "<group>";
		};
		E80EA27D1806959A00945392 /* Supporting Files */ = {
			isa = PBXGroup;
			children = (
				E80EA27E1806959A00945392 /* NumberSorter2-Info.plist */,
				E80EA27F1806959A00945392 /* InfoPlist.strings */,
				E80EA2821806959A00945392 /* main.m */,
				E80EA2841806959A00945392 /* NumberSorter2-Prefix.pch */,
			);
			name = "Supporting Files";
			sourceTree = "<group>";
		};
		E80EA2951806959B00945392 /* NumberSorter2Tests */ = {
			isa = PBXGroup;
			children = (
				E80EA29B1806959B00945392 /* NumberSorter2Tests.m */,
				E80EA2961806959B00945392 /* Supporting Files */,
			);
			path = NumberSorter2Tests;
			sourceTree = "<group>";
		};
		E80EA2961806959B00945392 /* Supporting Files */ = {
			isa = PBXGroup;
			children = (
				E80EA2971806959B00945392 /* NumberSorter2Tests-Info.plist */,
				E80EA2981806959B00945392 /* InfoPlist.strings */,
			);
			name = "Supporting Files";
			sourceTree = "<group>";
		};
/* End PBXGroup section */

/* Begin PBXNativeTarget section */
		E80EA2721806959A00945392 /* NumberSorter2 */ = {
			isa = PBXNativeTarget;
			buildConfigurationList = E80EA29F1806959B00945392 /* Build configuration list for PBXNativeTarget "NumberSorter2" */;
			buildPhases = (
				E80EA26F1806959A00945392 /* Sources */,
				E80EA2701806959A00945392 /* Frameworks */,
				E80EA2711806959A00945392 /* Resources */,
			);
			buildRules = (
			);
			dependencies = (
			);
			name = NumberSorter2;
			productName = NumberSorter2;
			productReference = E80EA2731806959A00945392 /* NumberSorter2.app */;
			productType = "com.apple.product-type.application";
		};
		E80EA28D1806959A00945392 /* NumberSorter2Tests */ = {
			isa = PBXNativeTarget;
			buildConfigurationList = E80EA2A21806959B00945392 /* Build configuration list for PBXNativeTarget "NumberSorter2Tests" */;
			buildPhases = (
				E80EA28A1806959A00945392 /* Sources */,
				E80EA28B1806959A00945392 /* Frameworks */,
				E80EA28C1806959A00945392 /* Resources */,
			);
			buildRules = (
			);
			dependencies = (
				E80EA2941806959B00945392 /* PBXTargetDependency */,
			);
			name = NumberSorter2Tests;
			productName = NumberSorter2Tests;
			productReference = E80EA28E1806959B00945392 /* NumberSorter2Tests.xctest */;
			productType = "com.apple.product-type.bundle.unit-test";
		};
/* End PBXNativeTarget section */

/* Begin PBXProject section */
		E80EA26B1806959A00945392 /* Project object */ = {
			isa = PBXProject;
			attributes = {
				LastUpgradeCheck = 0500;
				ORGANIZATIONNAME = "Alexis Matherlee";
				TargetAttributes = {
					E80EA28D1806959A00945392 = {
						TestTargetID = E80EA2721806959A00945392;
					};
				};
			};
			buildConfigurationList = E80EA26E1806959A00945392 /* Build configuration list for PBXProject "NumberSorter2" */;
			compatibilityVersion = "Xcode 3.2";
			developmentRegion = English;
			hasScannedForEncodings = 0;
			knownRegions = (
				en,
			);
			mainGroup = E80EA26A1806959A00945392;
			productRefGroup = E80EA2741806959A00945392 /* Products */;
			projectDirPath = "";
			projectRoot = "";
			targets = (
				E80EA2721806959A00945392 /* NumberSorter2 */,
				E80EA28D1806959A00945392 /* NumberSorter2Tests */,
			);
		};
/* End PBXProject section */

/* Begin PBXResourcesBuildPhase section */
		E80EA2711806959A00945392 /* Resources */ = {
			isa = PBXResourcesBuildPhase;
			buildActionMask = 2147483647;
			files = (
				E80EA2811806959A00945392 /* InfoPlist.strings in Resources */,
				E80EA2891806959A00945392 /* Images.xcassets in Resources */,
			);
			runOnlyForDeploymentPostprocessing = 0;
		};
		E80EA28C1806959A00945392 /* Resources */ = {
			isa = PBXResourcesBuildPhase;
			buildActionMask = 2147483647;
			files = (
				E80EA29A1806959B00945392 /* InfoPlist.strings in Resources */,
			);
			runOnlyForDeploymentPostprocessing = 0;
		};
/* End PBXResourcesBuildPhase section */

/* Begin PBXSourcesBuildPhase section */
		E80EA26F1806959A00945392 /* Sources */ = {
			isa = PBXSourcesBuildPhase;
			buildActionMask = 2147483647;
			files = (
				E80EA2871806959A00945392 /* AppDelegate.m in Sources */,
				E80EA2831806959A00945392 /* main.m in Sources */,
			);
			runOnlyForDeploymentPostprocessing = 0;
		};
		E80EA28A1806959A00945392 /* Sources */ = {
			isa = PBXSourcesBuildPhase;
			buildActionMask = 2147483647;
			files = (
				E80EA29C1806959B00945392 /* NumberSorter2Tests.m in Sources */,
			);
			runOnlyForDeploymentPostprocessing = 0;
		};
/* End PBXSourcesBuildPhase section */

/* Begin PBXTargetDependency section */
		E80EA2941806959B00945392 /* PBXTargetDependency */ = {
			isa = PBXTargetDependency;
			target = E80EA2721806959A00945392 /* NumberSorter2 */;
			targetProxy = E80EA2931806959B00945392 /* PBXContainerItemProxy */;
		};
/* End PBXTargetDependency section */

/* Begin PBXVariantGroup section */
		E80EA27F1806959A00945392 /* InfoPlist.strings */ = {
			isa = PBXVariantGroup;
			children = (
				E80EA2801806959A00945392 /* en */,
			);
			name = InfoPlist.strings;
			sourceTree = "<group>";
		};
		E80EA2981806959B00945392 /* InfoPlist.strings */ = {
			isa = PBXVariantGroup;
			children = (
				E80EA2991806959B00945392 /* en */,
			);
			name = InfoPlist.strings;
			sourceTree = "<group>";
		};
/* End PBXVariantGroup section */

/* Begin XCBuildConfiguration section */
		E80EA29D1806959B00945392 /* Debug */ = {
			isa = XCBuildConfiguration;
			buildSettings = {
				ALWAYS_SEARCH_USER_PATHS = NO;
				ARCHS = "$(ARCHS_STANDARD_INCLUDING_64_BIT)";
				CLANG_CXX_LANGUAGE_STANDARD = "gnu++0x";
				CLANG_CXX_LIBRARY = "libc++";
				CLANG_ENABLE_MODULES = YES;
				CLANG_ENABLE_OBJC_ARC = YES;
				CLANG_WARN_BOOL_CONVERSION = YES;
				CLANG_WARN_CONSTANT_CONVERSION = YES;
				CLANG_WARN_DIRECT_OBJC_ISA_USAGE = YES_ERROR;
				CLANG_WARN_EMPTY_BODY = YES;
				CLANG_WARN_ENUM_CONVERSION = YES;
				CLANG_WARN_INT_CONVERSION = YES;
				CLANG_WARN_OBJC_ROOT_CLASS = YES_ERROR;
				CLANG_WARN__DUPLICATE_METHOD_MATCH = YES;
				"CODE_SIGN_IDENTITY[sdk=iphoneos*]" = "iPhone Developer";
				COPY_PHASE_STRIP = NO;
				GCC_C_LANGUAGE_STANDARD = gnu99;
				GCC_DYNAMIC_NO_PIC = NO;
				GCC_OPTIMIZATION_LEVEL = 0;
				GCC_PREPROCESSOR_DEFINITIONS = (
					"DEBUG=1",
					"$(inherited)",
				);
				GCC_SYMBOLS_PRIVATE_EXTERN = NO;
				GCC_WARN_64_TO_32_BIT_CONVERSION = YES;
				GCC_WARN_ABOUT_RETURN_TYPE = YES_ERROR;
				GCC_WARN_UNDECLARED_SELECTOR = YES;
				GCC_WARN_UNINITIALIZED_AUTOS = YES;
				GCC_WARN_UNUSED_FUNCTION = YES;
				GCC_WARN_UNUSED_VARIABLE = YES;
				IPHONEOS_DEPLOYMENT_TARGET = 7.0;
				ONLY_ACTIVE_ARCH = YES;
				SDKROOT = iphoneos;
			};
			name = Debug;
		};
		E80EA29E1806959B00945392 /* Release */ = {
			isa = XCBuildConfiguration;
			buildSettings = {
				ALWAYS_SEARCH_USER_PATHS = NO;
				ARCHS = "$(ARCHS_STANDARD_INCLUDING_64_BIT)";
				CLANG_CXX_LANGUAGE_STANDARD = "gnu++0x";
				CLANG_CXX_LIBRARY = "libc++";
				CLANG_ENABLE_MODULES = YES;
				CLANG_ENABLE_OBJC_ARC = YES;
				CLANG_WARN_BOOL_CONVERSION = YES;
				CLANG_WARN_CONSTANT_CONVERSION = YES;
				CLANG_WARN_DIRECT_OBJC_ISA_USAGE = YES_ERROR;
				CLANG_WARN_EMPTY_BODY = YES;
				CLANG_WARN_ENUM_CONVERSION = YES;
				CLANG_WARN_INT_CONVERSION = YES;
				CLANG_WARN_OBJC_ROOT_CLASS = YES_ERROR;
				CLANG_WARN__DUPLICATE_METHOD_MATCH = YES;
				"CODE_SIGN_IDENTITY[sdk=iphoneos*]" = "iPhone Developer";
				COPY_PHASE_STRIP = YES;
				ENABLE_NS_ASSERTIONS = NO;
				GCC_C_LANGUAGE_STANDARD = gnu99;
				GCC_WARN_64_TO_32_BIT_CONVERSION = YES;
				GCC_WARN_ABOUT_RETURN_TYPE = YES_ERROR;
				GCC_WARN_UNDECLARED_SELECTOR = YES;
				GCC_WARN_UNINITIALIZED_AUTOS = YES;
				GCC_WARN_UNUSED_FUNCTION = YES;
				GCC_WARN_UNUSED_VARIABLE = YES;
				IPHONEOS_DEPLOYMENT_TARGET = 7.0;
				SDKROOT = iphoneos;
				VALIDATE_PRODUCT = YES;
			};
			name = Release;
		};
		E80EA2A01806959B00945392 /* Debug */ = {
			isa = XCBuildConfiguration;
			buildSettings = {
				ASSETCATALOG_COMPILER_APPICON_NAME = AppIcon;
				ASSETCATALOG_COMPILER_LAUNCHIMAGE_NAME = LaunchImage;
				GCC_PRECOMPILE_PREFIX_HEADER = YES;
				GCC_PREFIX_HEADER = "NumberSorter2/NumberSorter2-Prefix.pch";
				INFOPLIST_FILE = "NumberSorter2/NumberSorter2-Info.plist";
				PRODUCT_NAME = "$(TARGET_NAME)";
				WRAPPER_EXTENSION = app;
			};
			name = Debug;
		};
		E80EA2A11806959B00945392 /* Release */ = {
			isa = XCBuildConfiguration;
			buildSettings = {
				ASSETCATALOG_COMPILER_APPICON_NAME = AppIcon;
				ASSETCATALOG_COMPILER_LAUNCHIMAGE_NAME = LaunchImage;
				GCC_PRECOMPILE_PREFIX_HEADER = YES;
				GCC_PREFIX_HEADER = "NumberSorter2/NumberSorter2-Prefix.pch";
				INFOPLIST_FILE = "NumberSorter2/NumberSorter2-Info.plist";
				PRODUCT_NAME = "$(TARGET_NAME)";
				WRAPPER_EXTENSION = app;
			};
			name = Release;
		};
		E80EA2A31806959B00945392 /* Debug */ = {
			isa = XCBuildConfiguration;
			buildSettings = {
				ARCHS = "$(ARCHS_STANDARD_INCLUDING_64_BIT)";
				BUNDLE_LOADER = "$(BUILT_PRODUCTS_DIR)/NumberSorter2.app/NumberSorter2";
				FRAMEWORK_SEARCH_PATHS = (
					"$(SDKROOT)/Developer/Library/Frameworks",
					"$(inherited)",
					"$(DEVELOPER_FRAMEWORKS_DIR)",
				);
				GCC_PRECOMPILE_PREFIX_HEADER = YES;
				GCC_PREFIX_HEADER = "NumberSorter2/NumberSorter2-Prefix.pch";
				GCC_PREPROCESSOR_DEFINITIONS = (
					"DEBUG=1",
					"$(inherited)",
				);
				INFOPLIST_FILE = "NumberSorter2Tests/NumberSorter2Tests-Info.plist";
				PRODUCT_NAME = "$(TARGET_NAME)";
				TEST_HOST = "$(BUNDLE_LOADER)";
				WRAPPER_EXTENSION = xctest;
			};
			name = Debug;
		};
		E80EA2A41806959B00945392 /* Release */ = {
			isa = XCBuildConfiguration;
			buildSettings = {
				ARCHS = "$(ARCHS_STANDARD_INCLUDING_64_BIT)";
				BUNDLE_LOADER = "$(BUILT_PRODUCTS_DIR)/NumberSorter2.app/NumberSorter2";
				FRAMEWORK_SEARCH_PATHS = (
					"$(SDKROOT)/Developer/Library/Frameworks",
					"$(inherited)",
					"$(DEVELOPER_FRAMEWORKS_DIR)",
				);
				GCC_PRECOMPILE_PREFIX_HEADER = YES;
				GCC_PREFIX_HEADER = "NumberSorter2/NumberSorter2-Prefix.pch";
				INFOPLIST_FILE = "NumberSorter2Tests/NumberSorter2Tests-Info.plist";
				PRODUCT_NAME = "$(TARGET_NAME)";
				TEST_HOST = "$(BUNDLE_LOADER)";
				WRAPPER_EXTENSION = xctest;
			};
			name = Release;
		};
/* End XCBuildConfiguration section */

/* Begin XCConfigurationList section */
		E80EA26E1806959A00945392 /* Build configuration list for PBXProject "NumberSorter2" */ = {
			isa = XCConfigurationList;
			buildConfigurations = (
				E80EA29D1806959B00945392 /* Debug */,
				E80EA29E1806959B00945392 /* Release */,
			);
			defaultConfigurationIsVisible = 0;
			defaultConfigurationName = Release;
		};
		E80EA29F1806959B00945392 /* Build configuration list for PBXNativeTarget "NumberSorter2" */ = {
			isa = XCConfigurationList;
			buildConfigurations = (
				E80EA2A01806959B00945392 /* Debug */,
				E80EA2A11806959B00945392 /* Release */,
			);
			defaultConfigurationIsVisible = 0;
		};
		E80EA2A21806959B00945392 /* Build configuration list for PBXNativeTarget "NumberSorter2Tests" */ = {
			isa = XCConfigurationList;
			buildConfigurations = (
				E80EA2A31806959B00945392 /* Debug */,
				E80EA2A41806959B00945392 /* Release */,
			);
			defaultConfigurationIsVisible = 0;
		};
/* End XCConfigurationList section */
	};
	rootObject = E80EA26B1806959A00945392 /* Project object */;
}
